
Microsoft Visual Studio Solution File, Format Version 12.00
Project("{FAE04EC0-301F-11D3-BF4B-00C04F79EFBC}") = "API", "API\API.csproj", "{82DBAAA9-7D7A-4A1D-A12A-3EAABD911C17}"
EndProject
Project("{FAE04EC0-301F-11D3-BF4B-00C04F79EFBC}") = "Application", "Application\Application.csproj", "{6B75D696-6EE4-44DA-82BC-B73B7EA0103C}"
EndProject
Project("{FAE04EC0-301F-11D3-BF4B-00C04F79EFBC}") = "Domain", "Domain\Domain.csproj", "{D2577943-87D1-4F7B-9DF6-F20340F63D15}"
EndProject
Project("{FAE04EC0-301F-11D3-BF4B-00C04F79EFBC}") = "Infrastructure", "Infrastructure\Infrastructure.csproj", "{0B25E510-04AC-4193-9128-151552845FC3}"
EndProject
Global
	GlobalSection(SolutionConfigurationPlatforms) = preSolution
		Debug|Any CPU = Debug|Any CPU
		Release|Any CPU = Release|Any CPU
	EndGlobalSection
	GlobalSection(ProjectConfigurationPlatforms) = postSolution
		{82DBAAA9-7D7A-4A1D-A12A-3EAABD911C17}.Debug|Any CPU.ActiveCfg = Debug|Any CPU
		{82DBAAA9-7D7A-4A1D-A12A-3EAABD911C17}.Debug|Any CPU.Build.0 = Debug|Any CPU
		{82DBAAA9-7D7A-4A1D-A12A-3EAABD911C17}.Release|Any CPU.ActiveCfg = Release|Any CPU
		{82DBAAA9-7D7A-4A1D-A12A-3EAABD911C17}.Release|Any CPU.Build.0 = Release|Any CPU
		{6B75D696-6EE4-44DA-82BC-B73B7EA0103C}.Debug|Any CPU.ActiveCfg = Debug|Any CPU
		{6B75D696-6EE4-44DA-82BC-B73B7EA0103C}.Debug|Any CPU.Build.0 = Debug|Any CPU
		{6B75D696-6EE4-44DA-82BC-B73B7EA0103C}.Release|Any CPU.ActiveCfg = Release|Any CPU
		{6B75D696-6EE4-44DA-82BC-B73B7EA0103C}.Release|Any CPU.Build.0 = Release|Any CPU
		{D2577943-87D1-4F7B-9DF6-F20340F63D15}.Debug|Any CPU.ActiveCfg = Debug|Any CPU
		{D2577943-87D1-4F7B-9DF6-F20340F63D15}.Debug|Any CPU.Build.0 = Debug|Any CPU
		{D2577943-87D1-4F7B-9DF6-F20340F63D15}.Release|Any CPU.ActiveCfg = Release|Any CPU
		{D2577943-87D1-4F7B-9DF6-F20340F63D15}.Release|Any CPU.Build.0 = Release|Any CPU
		{0B25E510-04AC-4193-9128-151552845FC3}.Debug|Any CPU.ActiveCfg = Debug|Any CPU
		{0B25E510-04AC-4193-9128-151552845FC3}.Debug|Any CPU.Build.0 = Debug|Any CPU
		{0B25E510-04AC-4193-9128-151552845FC3}.Release|Any CPU.ActiveCfg = Release|Any CPU
		{0B25E510-04AC-4193-9128-151552845FC3}.Release|Any CPU.Build.0 = Release|Any CPU
	EndGlobalSection
EndGlobal
